
Microsoft Visual Studio Solution File, Format Version 12.00
# Visual Studio Version 17
VisualStudioVersion = 17.7.34024.191
MinimumVisualStudioVersion = 10.0.40219.1
Project("{FAE04EC0-301F-11D3-BF4B-00C04F79EFBC}") = "WordFinder", "WordFinder.csproj", "{B24F4C07-849F-4D1C-AEFA-E87B87A0B82A}"
EndProject
Global
	GlobalSection(SolutionConfigurationPlatforms) = preSolution
		Debug|Any CPU = Debug|Any CPU
		Release|Any CPU = Release|Any CPU
	EndGlobalSection
	GlobalSection(ProjectConfigurationPlatforms) = postSolution
		{B24F4C07-849F-4D1C-AEFA-E87B87A0B82A}.Debug|Any CPU.ActiveCfg = Debug|Any CPU
		{B24F4C07-849F-4D1C-AEFA-E87B87A0B82A}.Debug|Any CPU.Build.0 = Debug|Any CPU
		{B24F4C07-849F-4D1C-AEFA-E87B87A0B82A}.Release|Any CPU.ActiveCfg = Release|Any CPU
		{B24F4C07-849F-4D1C-AEFA-E87B87A0B82A}.Release|Any CPU.Build.0 = Release|Any CPU
	EndGlobalSection
	GlobalSection(SolutionProperties) = preSolution
		HideSolutionNode = FALSE
	EndGlobalSection
	GlobalSection(ExtensibilityGlobals) = postSolution
		SolutionGuid = {EA6D3201-16AB-4100-9F12-3E64E31EE14C}
	EndGlobalSection
EndGlobal
